
Microsoft Visual Studio Solution File, Format Version 12.00
# Visual Studio 15
VisualStudioVersion = 15.0.27703.2018
MinimumVisualStudioVersion = 10.0.40219.1
Project("{9A19103F-16F7-4668-BE54-9A1E7A4F7556}") = "Ef-materiaux", "Ef-materiaux\Ef-materiaux.csproj", "{4F59278F-179E-423C-AC84-748EEF669FF1}"
EndProject
Global
	GlobalSection(SolutionConfigurationPlatforms) = preSolution
		Debug|Any CPU = Debug|Any CPU
		Release|Any CPU = Release|Any CPU
	EndGlobalSection
	GlobalSection(ProjectConfigurationPlatforms) = postSolution
		{4F59278F-179E-423C-AC84-748EEF669FF1}.Debug|Any CPU.ActiveCfg = Debug|Any CPU
		{4F59278F-179E-423C-AC84-748EEF669FF1}.Debug|Any CPU.Build.0 = Debug|Any CPU
		{4F59278F-179E-423C-AC84-748EEF669FF1}.Release|Any CPU.ActiveCfg = Release|Any CPU
		{4F59278F-179E-423C-AC84-748EEF669FF1}.Release|Any CPU.Build.0 = Release|Any CPU
	EndGlobalSection
	GlobalSection(SolutionProperties) = preSolution
		HideSolutionNode = FALSE
	EndGlobalSection
	GlobalSection(ExtensibilityGlobals) = postSolution
		SolutionGuid = {7A460370-80C3-43A4-8969-333FC8BB2A95}
	EndGlobalSection
EndGlobal
